
Microsoft Visual Studio Solution File, Format Version 12.00
# Visual Studio 15
VisualStudioVersion = 15.0.27130.2024
MinimumVisualStudioVersion = 10.0.40219.1
Project("{FAE04EC0-301F-11D3-BF4B-00C04F79EFBC}") = "CommunityComprimation", "CommunityComprimation\CommunityComprimation.csproj", "{D9CEA27C-DC3E-47F8-9850-9B89ECB2B43E}"
EndProject
Project("{FAE04EC0-301F-11D3-BF4B-00C04F79EFBC}") = "BenchMarker", "BenchMarker\BenchMarker.csproj", "{AABEB1C7-C220-46C1-A42B-A09EE55B66CD}"
EndProject
Global
	GlobalSection(SolutionConfigurationPlatforms) = preSolution
		Debug|Any CPU = Debug|Any CPU
		Release|Any CPU = Release|Any CPU
	EndGlobalSection
	GlobalSection(ProjectConfigurationPlatforms) = postSolution
		{D9CEA27C-DC3E-47F8-9850-9B89ECB2B43E}.Debug|Any CPU.ActiveCfg = Debug|Any CPU
		{D9CEA27C-DC3E-47F8-9850-9B89ECB2B43E}.Debug|Any CPU.Build.0 = Debug|Any CPU
		{D9CEA27C-DC3E-47F8-9850-9B89ECB2B43E}.Release|Any CPU.ActiveCfg = Release|Any CPU
		{D9CEA27C-DC3E-47F8-9850-9B89ECB2B43E}.Release|Any CPU.Build.0 = Release|Any CPU
		{AABEB1C7-C220-46C1-A42B-A09EE55B66CD}.Debug|Any CPU.ActiveCfg = Debug|Any CPU
		{AABEB1C7-C220-46C1-A42B-A09EE55B66CD}.Debug|Any CPU.Build.0 = Debug|Any CPU
		{AABEB1C7-C220-46C1-A42B-A09EE55B66CD}.Release|Any CPU.ActiveCfg = Release|Any CPU
		{AABEB1C7-C220-46C1-A42B-A09EE55B66CD}.Release|Any CPU.Build.0 = Release|Any CPU
	EndGlobalSection
	GlobalSection(SolutionProperties) = preSolution
		HideSolutionNode = FALSE
	EndGlobalSection
	GlobalSection(ExtensibilityGlobals) = postSolution
		SolutionGuid = {A08C20B7-DC90-416C-A799-FFC9F01927C6}
	EndGlobalSection
EndGlobal
